PODS:
  - Flutter (1.0.0)
  - integration_test (0.0.1):
    - Flutter
  - native_restart (1.0.0):
    - Flutter

DEPENDENCIES:
  - Flutter (from `Flutter`)
  - integration_test (from `.symlinks/plugins/integration_test/ios`)
  - native_restart (from `.symlinks/plugins/native_restart/ios`)

EXTERNAL SOURCES:
  Flutter:
    :path: Flutter
  integration_test:
    :path: ".symlinks/plugins/integration_test/ios"
  native_restart:
    :path: ".symlinks/plugins/native_restart/ios"

SPEC CHECKSUMS:
  Flutter: cabc95a1d2626b1b06e7179b784ebcf0c0cde467
  integration_test: 4a889634ef21a45d28d50d622cf412dc6d9f586e
  native_restart: d10f290a5b41a418205c245108bfbd17e05b8fb9

PODFILE CHECKSUM: a57f30d18f102dd3ce366b1d62a55ecbef2158e5

COCOAPODS: 1.16.2
